// !$*UTF8*$!
{
	archiveVersion = 1;
	classes = {
	};
	objectVersion = 50;
	objects = {

/* Begin PBXBuildFile section */
		1600E19A233F211000AFD2FC /* Main.storyboard in Resources */ = {isa = PBXBuildFile; fileRef = 1600E198233F211000AFD2FC /* Main.storyboard */; };
		1600E19D233F5C6100AFD2FC /* UIView+MLAnimation.m in Sources */ = {isa = PBXBuildFile; fileRef = 1600E19C233F5C6100AFD2FC /* UIView+MLAnimation.m */; };
		1600E1A1233F5D3000AFD2FC /* MLViewAnimationViewController.m in Sources */ = {isa = PBXBuildFile; fileRef = 1600E19F233F5D3000AFD2FC /* MLViewAnimationViewController.m */; };
		1600E1A2233F5D3000AFD2FC /* MLViewAnimationViewController.xib in Resources */ = {isa = PBXBuildFile; fileRef = 1600E1A0233F5D3000AFD2FC /* MLViewAnimationViewController.xib */; };
		1600E1A5233F5FED00AFD2FC /* MLBaseViewController.m in Sources */ = {isa = PBXBuildFile; fileRef = 1600E1A4233F5FED00AFD2FC /* MLBaseViewController.m */; };
		161834D02369AE7D00750E85 /* MLLiveLikeViewController.m in Sources */ = {isa = PBXBuildFile; fileRef = 161834CF2369AE7D00750E85 /* MLLiveLikeViewController.m */; };
		161834D32369AEB600750E85 /* heart2@2x.png in Resources */ = {isa = PBXBuildFile; fileRef = 161834D12369AEB600750E85 /* heart2@2x.png */; };
		161834D42369AEB600750E85 /* heart2@3x.png in Resources */ = {isa = PBXBuildFile; fileRef = 161834D22369AEB600750E85 /* heart2@3x.png */; };
		163B06FB233BBA3100E6BDB2 /* AppDelegate.m in Sources */ = {isa = PBXBuildFile; fileRef = 163B06FA233BBA3100E6BDB2 /* AppDelegate.m */; };
		163B0701233BBA3100E6BDB2 /* ViewController.m in Sources */ = {isa = PBXBuildFile; fileRef = 163B0700233BBA3100E6BDB2 /* ViewController.m */; };
		163B0706233BBA3300E6BDB2 /* Assets.xcassets in Resources */ = {isa = PBXBuildFile; fileRef = 163B0705233BBA3300E6BDB2 /* Assets.xcassets */; };
		163B0709233BBA3300E6BDB2 /* LaunchScreen.storyboard in Resources */ = {isa = PBXBuildFile; fileRef = 163B0707233BBA3300E6BDB2 /* LaunchScreen.storyboard */; };
		163B070C233BBA3300E6BDB2 /* main.m in Sources */ = {isa = PBXBuildFile; fileRef = 163B070B233BBA3300E6BDB2 /* main.m */; };
		163B0714233BBA8900E6BDB2 /* README.md in Resources */ = {isa = PBXBuildFile; fileRef = 163B0713233BBA8900E6BDB2 /* README.md */; };
		16603485236E71E30082454F /* MLDisplayLinkViewController.m in Sources */ = {isa = PBXBuildFile; fileRef = 16603483236E71E30082454F /* MLDisplayLinkViewController.m */; };
		16603486236E71E30082454F /* MLDisplayLinkViewController.xib in Resources */ = {isa = PBXBuildFile; fileRef = 16603484236E71E30082454F /* MLDisplayLinkViewController.xib */; };
		1662CFC523669AEE008EF111 /* MLTransitionManager.m in Sources */ = {isa = PBXBuildFile; fileRef = 1662CFC423669AEE008EF111 /* MLTransitionManager.m */; };
		1662CFCE2366B6CF008EF111 /* MLScaleAnimationPop.m in Sources */ = {isa = PBXBuildFile; fileRef = 1662CFCD2366B6CF008EF111 /* MLScaleAnimationPop.m */; };
		16890DCE2340FB5200554501 /* UIView+MLBasicAnimation.m in Sources */ = {isa = PBXBuildFile; fileRef = 16890DCD2340FB5200554501 /* UIView+MLBasicAnimation.m */; };
		16A6D92223570DA500D95D00 /* UIViewController+MLTransitioning.m in Sources */ = {isa = PBXBuildFile; fileRef = 16A6D92123570DA500D95D00 /* UIViewController+MLTransitioning.m */; };
		16A6D92623571DA900D95D00 /* MLScaleAnimationPush.m in Sources */ = {isa = PBXBuildFile; fileRef = 16A6D92523571DA900D95D00 /* MLScaleAnimationPush.m */; };
		16A6D929235728C300D95D00 /* MLNavigationAnimationDelegate.m in Sources */ = {isa = PBXBuildFile; fileRef = 16A6D928235728C300D95D00 /* MLNavigationAnimationDelegate.m */; };
		16AE60462343A5B600E6FDEA /* MLMenuButton.m in Sources */ = {isa = PBXBuildFile; fileRef = 16AE60452343A5B600E6FDEA /* MLMenuButton.m */; };
		16C479ED236D719100554AE5 /* MLDynamicAnimator.m in Sources */ = {isa = PBXBuildFile; fileRef = 16C479EC236D719100554AE5 /* MLDynamicAnimator.m */; };
		16C479F1236D76B700554AE5 /* MLDynamicAnimatorViewController.m in Sources */ = {isa = PBXBuildFile; fileRef = 16C479EF236D76B700554AE5 /* MLDynamicAnimatorViewController.m */; };
		16C479F2236D76B700554AE5 /* MLDynamicAnimatorViewController.xib in Resources */ = {isa = PBXBuildFile; fileRef = 16C479F0236D76B700554AE5 /* MLDynamicAnimatorViewController.xib */; };
		16E69645234E279200A849BE /* MLKeyframeAnimation.m in Sources */ = {isa = PBXBuildFile; fileRef = 16E69644234E279200A849BE /* MLKeyframeAnimation.m */; };
		16EFB6CB234A3B7000879921 /* UIView+AnimationGroup.m in Sources */ = {isa = PBXBuildFile; fileRef = 16EFB6CA234A3B7000879921 /* UIView+AnimationGroup.m */; };
		16F71B2B235627220056955F /* MLWaterView.m in Sources */ = {isa = PBXBuildFile; fileRef = 16F71B29235627220056955F /* MLWaterView.m */; };
/* End PBXBuildFile section */

/* Begin PBXFileReference section */
		1600E199233F211000AFD2FC /* Base */ = {isa = PBXFileReference; lastKnownFileType = file.storyboard; name = Base; path = Base.lproj/Main.storyboard; sourceTree = "<group>"; };
		1600E19B233F5C6100AFD2FC /* UIView+MLAnimation.h */ = {isa = PBXFileReference; lastKnownFileType = sourcecode.c.h; path = "UIView+MLAnimation.h"; sourceTree = "<group>"; };
		1600E19C233F5C6100AFD2FC /* UIView+MLAnimation.m */ = {isa = PBXFileReference; lastKnownFileType = sourcecode.c.objc; path = "UIView+MLAnimation.m"; sourceTree = "<group>"; };
		1600E19E233F5D3000AFD2FC /* MLViewAnimationViewController.h */ = {isa = PBXFileReference; lastKnownFileType = sourcecode.c.h; path = MLViewAnimationViewController.h; sourceTree = "<group>"; };
		1600E19F233F5D3000AFD2FC /* MLViewAnimationViewController.m */ = {isa = PBXFileReference; lastKnownFileType = sourcecode.c.objc; path = MLViewAnimationViewController.m; sourceTree = "<group>"; };
		1600E1A0233F5D3000AFD2FC /* MLViewAnimationViewController.xib */ = {isa = PBXFileReference; lastKnownFileType = file.xib; path = MLViewAnimationViewController.xib; sourceTree = "<group>"; };
		1600E1A3233F5FED00AFD2FC /* MLBaseViewController.h */ = {isa = PBXFileReference; lastKnownFileType = sourcecode.c.h; path = MLBaseViewController.h; sourceTree = "<group>"; };
		1600E1A4233F5FED00AFD2FC /* MLBaseViewController.m */ = {isa = PBXFileReference; lastKnownFileType = sourcecode.c.objc; path = MLBaseViewController.m; sourceTree = "<group>"; };
		161834CE2369AE7D00750E85 /* MLLiveLikeViewController.h */ = {isa = PBXFileReference; lastKnownFileType = sourcecode.c.h; path = MLLiveLikeViewController.h; sourceTree = "<group>"; };
		161834CF2369AE7D00750E85 /* MLLiveLikeViewController.m */ = {isa = PBXFileReference; lastKnownFileType = sourcecode.c.objc; path = MLLiveLikeViewController.m; sourceTree = "<group>"; };
		161834D12369AEB600750E85 /* heart2@2x.png */ = {isa = PBXFileReference; lastKnownFileType = image.png; path = "heart2@2x.png"; sourceTree = "<group>"; };
		161834D22369AEB600750E85 /* heart2@3x.png */ = {isa = PBXFileReference; lastKnownFileType = image.png; path = "heart2@3x.png"; sourceTree = "<group>"; };
		163B06F6233BBA3100E6BDB2 /* AnimationKit-demo.app */ = {isa = PBXFileReference; explicitFileType = wrapper.application; includeInIndex = 0; path = "AnimationKit-demo.app"; sourceTree = BUILT_PRODUCTS_DIR; };
		163B06F9233BBA3100E6BDB2 /* AppDelegate.h */ = {isa = PBXFileReference; lastKnownFileType = sourcecode.c.h; path = AppDelegate.h; sourceTree = "<group>"; };
		163B06FA233BBA3100E6BDB2 /* AppDelegate.m */ = {isa = PBXFileReference; lastKnownFileType = sourcecode.c.objc; path = AppDelegate.m; sourceTree = "<group>"; };
		163B06FF233BBA3100E6BDB2 /* ViewController.h */ = {isa = PBXFileReference; lastKnownFileType = sourcecode.c.h; path = ViewController.h; sourceTree = "<group>"; };
		163B0700233BBA3100E6BDB2 /* ViewController.m */ = {isa = PBXFileReference; lastKnownFileType = sourcecode.c.objc; path = ViewController.m; sourceTree = "<group>"; };
		163B0705233BBA3300E6BDB2 /* Assets.xcassets */ = {isa = PBXFileReference; lastKnownFileType = folder.assetcatalog; path = Assets.xcassets; sourceTree = "<group>"; };
		163B0708233BBA3300E6BDB2 /* Base */ = {isa = PBXFileReference; lastKnownFileType = file.storyboard; name = Base; path = Base.lproj/LaunchScreen.storyboard; sourceTree = "<group>"; };
		163B070A233BBA3300E6BDB2 /* Info.plist */ = {isa = PBXFileReference; lastKnownFileType = text.plist.xml; path = Info.plist; sourceTree = "<group>"; };
		163B070B233BBA3300E6BDB2 /* main.m */ = {isa = PBXFileReference; lastKnownFileType = sourcecode.c.objc; path = main.m; sourceTree = "<group>"; };
		163B0713233BBA8900E6BDB2 /* README.md */ = {isa = PBXFileReference; fileEncoding = 4; lastKnownFileType = net.daringfireball.markdown; name = README.md; path = ../README.md; sourceTree = "<group>"; };
		16603482236E71E30082454F /* MLDisplayLinkViewController.h */ = {isa = PBXFileReference; lastKnownFileType = sourcecode.c.h; path = MLDisplayLinkViewController.h; sourceTree = "<group>"; };
		16603483236E71E30082454F /* MLDisplayLinkViewController.m */ = {isa = PBXFileReference; lastKnownFileType = sourcecode.c.objc; path = MLDisplayLinkViewController.m; sourceTree = "<group>"; };
		16603484236E71E30082454F /* MLDisplayLinkViewController.xib */ = {isa = PBXFileReference; lastKnownFileType = file.xib; path = MLDisplayLinkViewController.xib; sourceTree = "<group>"; };
		1662CFC323669AEE008EF111 /* MLTransitionManager.h */ = {isa = PBXFileReference; lastKnownFileType = sourcecode.c.h; path = MLTransitionManager.h; sourceTree = "<group>"; };
		1662CFC423669AEE008EF111 /* MLTransitionManager.m */ = {isa = PBXFileReference; lastKnownFileType = sourcecode.c.objc; path = MLTransitionManager.m; sourceTree = "<group>"; };
		1662CFCC2366B6CF008EF111 /* MLScaleAnimationPop.h */ = {isa = PBXFileReference; lastKnownFileType = sourcecode.c.h; path = MLScaleAnimationPop.h; sourceTree = "<group>"; };
		1662CFCD2366B6CF008EF111 /* MLScaleAnimationPop.m */ = {isa = PBXFileReference; lastKnownFileType = sourcecode.c.objc; path = MLScaleAnimationPop.m; sourceTree = "<group>"; };
		16890DCC2340FB5200554501 /* UIView+MLBasicAnimation.h */ = {isa = PBXFileReference; lastKnownFileType = sourcecode.c.h; path = "UIView+MLBasicAnimation.h"; sourceTree = "<group>"; };
		16890DCD2340FB5200554501 /* UIView+MLBasicAnimation.m */ = {isa = PBXFileReference; lastKnownFileType = sourcecode.c.objc; path = "UIView+MLBasicAnimation.m"; sourceTree = "<group>"; };
		16A6D92023570DA500D95D00 /* UIViewController+MLTransitioning.h */ = {isa = PBXFileReference; lastKnownFileType = sourcecode.c.h; path = "UIViewController+MLTransitioning.h"; sourceTree = "<group>"; };
		16A6D92123570DA500D95D00 /* UIViewController+MLTransitioning.m */ = {isa = PBXFileReference; lastKnownFileType = sourcecode.c.objc; path = "UIViewController+MLTransitioning.m"; sourceTree = "<group>"; };
		16A6D92423571DA900D95D00 /* MLScaleAnimationPush.h */ = {isa = PBXFileReference; lastKnownFileType = sourcecode.c.h; path = MLScaleAnimationPush.h; sourceTree = "<group>"; };
		16A6D92523571DA900D95D00 /* MLScaleAnimationPush.m */ = {isa = PBXFileReference; lastKnownFileType = sourcecode.c.objc; path = MLScaleAnimationPush.m; sourceTree = "<group>"; };
		16A6D927235728C300D95D00 /* MLNavigationAnimationDelegate.h */ = {isa = PBXFileReference; lastKnownFileType = sourcecode.c.h; path = MLNavigationAnimationDelegate.h; sourceTree = "<group>"; };
		16A6D928235728C300D95D00 /* MLNavigationAnimationDelegate.m */ = {isa = PBXFileReference; lastKnownFileType = sourcecode.c.objc; path = MLNavigationAnimationDelegate.m; sourceTree = "<group>"; };
		16AE60442343A5B600E6FDEA /* MLMenuButton.h */ = {isa = PBXFileReference; lastKnownFileType = sourcecode.c.h; path = MLMenuButton.h; sourceTree = "<group>"; };
		16AE60452343A5B600E6FDEA /* MLMenuButton.m */ = {isa = PBXFileReference; lastKnownFileType = sourcecode.c.objc; path = MLMenuButton.m; sourceTree = "<group>"; };
		16C479EB236D719100554AE5 /* MLDynamicAnimator.h */ = {isa = PBXFileReference; lastKnownFileType = sourcecode.c.h; path = MLDynamicAnimator.h; sourceTree = "<group>"; };
		16C479EC236D719100554AE5 /* MLDynamicAnimator.m */ = {isa = PBXFileReference; lastKnownFileType = sourcecode.c.objc; path = MLDynamicAnimator.m; sourceTree = "<group>"; };
		16C479EE236D76B700554AE5 /* MLDynamicAnimatorViewController.h */ = {isa = PBXFileReference; lastKnownFileType = sourcecode.c.h; path = MLDynamicAnimatorViewController.h; sourceTree = "<group>"; };
		16C479EF236D76B700554AE5 /* MLDynamicAnimatorViewController.m */ = {isa = PBXFileReference; lastKnownFileType = sourcecode.c.objc; path = MLDynamicAnimatorViewController.m; sourceTree = "<group>"; };
		16C479F0236D76B700554AE5 /* MLDynamicAnimatorViewController.xib */ = {isa = PBXFileReference; lastKnownFileType = file.xib; path = MLDynamicAnimatorViewController.xib; sourceTree = "<group>"; };
		16E69643234E279200A849BE /* MLKeyframeAnimation.h */ = {isa = PBXFileReference; lastKnownFileType = sourcecode.c.h; path = MLKeyframeAnimation.h; sourceTree = "<group>"; };
		16E69644234E279200A849BE /* MLKeyframeAnimation.m */ = {isa = PBXFileReference; lastKnownFileType = sourcecode.c.objc; path = MLKeyframeAnimation.m; sourceTree = "<group>"; };
		16EFB6C9234A3B7000879921 /* UIView+AnimationGroup.h */ = {isa = PBXFileReference; lastKnownFileType = sourcecode.c.h; path = "UIView+AnimationGroup.h"; sourceTree = "<group>"; };
		16EFB6CA234A3B7000879921 /* UIView+AnimationGroup.m */ = {isa = PBXFileReference; lastKnownFileType = sourcecode.c.objc; path = "UIView+AnimationGroup.m"; sourceTree = "<group>"; };
		16F71B29235627220056955F /* MLWaterView.m */ = {isa = PBXFileReference; fileEncoding = 4; lastKnownFileType = sourcecode.c.objc; path = MLWaterView.m; sourceTree = "<group>"; };
		16F71B2A235627220056955F /* MLWaterView.h */ = {isa = PBXFileReference; fileEncoding = 4; lastKnownFileType = sourcecode.c.h; path = MLWaterView.h; sourceTree = "<group>"; };
/* End PBXFileReference section */

/* Begin PBXFrameworksBuildPhase section */
		163B06F3233BBA3100E6BDB2 /* Frameworks */ = {
			isa = PBXFrameworksBuildPhase;
			buildActionMask = 2147483647;
			files = (
			);
			runOnlyForDeploymentPostprocessing = 0;
		};
/* End PBXFrameworksBuildPhase section */

/* Begin PBXGroup section */
		161834CD2369AE5500750E85 /* like */ = {
			isa = PBXGroup;
			children = (
				161834D12369AEB600750E85 /* heart2@2x.png */,
				161834D22369AEB600750E85 /* heart2@3x.png */,
				161834CE2369AE7D00750E85 /* MLLiveLikeViewController.h */,
				161834CF2369AE7D00750E85 /* MLLiveLikeViewController.m */,
			);
			path = like;
			sourceTree = "<group>";
		};
		163B06ED233BBA3100E6BDB2 = {
			isa = PBXGroup;
			children = (
				163B0713233BBA8900E6BDB2 /* README.md */,
				163B0712233BBA4800E6BDB2 /* AnimationKit */,
				163B06F8233BBA3100E6BDB2 /* AnimationKit-demo */,
				163B06F7233BBA3100E6BDB2 /* Products */,
			);
			sourceTree = "<group>";
		};
		163B06F7233BBA3100E6BDB2 /* Products */ = {
			isa = PBXGroup;
			children = (
				163B06F6233BBA3100E6BDB2 /* AnimationKit-demo.app */,
			);
			name = Products;
			sourceTree = "<group>";
		};
		163B06F8233BBA3100E6BDB2 /* AnimationKit-demo */ = {
			isa = PBXGroup;
			children = (
				16AE603F2343A56A00E6FDEA /* example */,
				1600E198233F211000AFD2FC /* Main.storyboard */,
				163B06F9233BBA3100E6BDB2 /* AppDelegate.h */,
				163B06FA233BBA3100E6BDB2 /* AppDelegate.m */,
				163B06FF233BBA3100E6BDB2 /* ViewController.h */,
				163B0700233BBA3100E6BDB2 /* ViewController.m */,
				163B0705233BBA3300E6BDB2 /* Assets.xcassets */,
				163B0707233BBA3300E6BDB2 /* LaunchScreen.storyboard */,
				163B070A233BBA3300E6BDB2 /* Info.plist */,
				163B070B233BBA3300E6BDB2 /* main.m */,
				1600E19E233F5D3000AFD2FC /* MLViewAnimationViewController.h */,
				1600E19F233F5D3000AFD2FC /* MLViewAnimationViewController.m */,
				1600E1A0233F5D3000AFD2FC /* MLViewAnimationViewController.xib */,
				1600E1A3233F5FED00AFD2FC /* MLBaseViewController.h */,
				1600E1A4233F5FED00AFD2FC /* MLBaseViewController.m */,
				16C479EE236D76B700554AE5 /* MLDynamicAnimatorViewController.h */,
				16C479EF236D76B700554AE5 /* MLDynamicAnimatorViewController.m */,
				16C479F0236D76B700554AE5 /* MLDynamicAnimatorViewController.xib */,
				16603482236E71E30082454F /* MLDisplayLinkViewController.h */,
				16603483236E71E30082454F /* MLDisplayLinkViewController.m */,
				16603484236E71E30082454F /* MLDisplayLinkViewController.xib */,
			);
			path = "AnimationKit-demo";
			sourceTree = "<group>";
		};
		163B0712233BBA4800E6BDB2 /* AnimationKit */ = {
			isa = PBXGroup;
			children = (
				163B0717233BC19800E6BDB2 /* CAAnimationGroup */,
				163B0716233BC19800E6BDB2 /* CABasicAnimation */,
				163B0718233BC19800E6BDB2 /* CADisplayLink */,
				163B071B233BC19800E6BDB2 /* CAKeyframeAnimation */,
				163B071A233BC19800E6BDB2 /* CATransition */,
				163B071C233BC19800E6BDB2 /* UIDynamicAnimator */,
				163B0715233BC0E800E6BDB2 /* UIViewAnimation */,
			);
			path = AnimationKit;
			sourceTree = "<group>";
		};
		163B0715233BC0E800E6BDB2 /* UIViewAnimation */ = {
			isa = PBXGroup;
			children = (
				1600E19B233F5C6100AFD2FC /* UIView+MLAnimation.h */,
				1600E19C233F5C6100AFD2FC /* UIView+MLAnimation.m */,
			);
			path = UIViewAnimation;
			sourceTree = "<group>";
		};
		163B0716233BC19800E6BDB2 /* CABasicAnimation */ = {
			isa = PBXGroup;
			children = (
				16890DCC2340FB5200554501 /* UIView+MLBasicAnimation.h */,
				16890DCD2340FB5200554501 /* UIView+MLBasicAnimation.m */,
			);
			path = CABasicAnimation;
			sourceTree = "<group>";
		};
		163B0717233BC19800E6BDB2 /* CAAnimationGroup */ = {
			isa = PBXGroup;
			children = (
				16EFB6C9234A3B7000879921 /* UIView+AnimationGroup.h */,
				16EFB6CA234A3B7000879921 /* UIView+AnimationGroup.m */,
			);
			path = CAAnimationGroup;
			sourceTree = "<group>";
		};
		163B0718233BC19800E6BDB2 /* CADisplayLink */ = {
			isa = PBXGroup;
			children = (
			);
			path = CADisplayLink;
			sourceTree = "<group>";
		};
		163B071A233BC19800E6BDB2 /* CATransition */ = {
			isa = PBXGroup;
			children = (
				16A6D92323571D4400D95D00 /* animation */,
				16A6D92023570DA500D95D00 /* UIViewController+MLTransitioning.h */,
				16A6D92123570DA500D95D00 /* UIViewController+MLTransitioning.m */,
				16A6D927235728C300D95D00 /* MLNavigationAnimationDelegate.h */,
				16A6D928235728C300D95D00 /* MLNavigationAnimationDelegate.m */,
				1662CFC323669AEE008EF111 /* MLTransitionManager.h */,
				1662CFC423669AEE008EF111 /* MLTransitionManager.m */,
			);
			path = CATransition;
			sourceTree = "<group>";
		};
		163B071B233BC19800E6BDB2 /* CAKeyframeAnimation */ = {
			isa = PBXGroup;
			children = (
				16E69643234E279200A849BE /* MLKeyframeAnimation.h */,
				16E69644234E279200A849BE /* MLKeyframeAnimation.m */,
			);
			path = CAKeyframeAnimation;
			sourceTree = "<group>";
		};
		163B071C233BC19800E6BDB2 /* UIDynamicAnimator */ = {
			isa = PBXGroup;
			children = (
				16C479EB236D719100554AE5 /* MLDynamicAnimator.h */,
				16C479EC236D719100554AE5 /* MLDynamicAnimator.m */,
			);
			path = UIDynamicAnimator;
			sourceTree = "<group>";
		};
		16A6D92323571D4400D95D00 /* animation */ = {
			isa = PBXGroup;
			children = (
				16A6D92423571DA900D95D00 /* MLScaleAnimationPush.h */,
				16A6D92523571DA900D95D00 /* MLScaleAnimationPush.m */,
				1662CFCC2366B6CF008EF111 /* MLScaleAnimationPop.h */,
				1662CFCD2366B6CF008EF111 /* MLScaleAnimationPop.m */,
			);
			path = animation;
			sourceTree = "<group>";
		};
		16AE603F2343A56A00E6FDEA /* example */ = {
			isa = PBXGroup;
			children = (
				161834CD2369AE5500750E85 /* like */,
				16AE60432343A59B00E6FDEA /* menu */,
			);
			path = example;
			sourceTree = "<group>";
		};
		16AE60432343A59B00E6FDEA /* menu */ = {
			isa = PBXGroup;
			children = (
				16F71B28235627220056955F /* WaterView */,
				16AE60442343A5B600E6FDEA /* MLMenuButton.h */,
				16AE60452343A5B600E6FDEA /* MLMenuButton.m */,
			);
			path = menu;
			sourceTree = "<group>";
		};
		16F71B28235627220056955F /* WaterView */ = {
			isa = PBXGroup;
			children = (
				16F71B29235627220056955F /* MLWaterView.m */,
				16F71B2A235627220056955F /* MLWaterView.h */,
			);
			name = WaterView;
			path = "AnimationKit-demo/example/WaterView";
			sourceTree = SOURCE_ROOT;
		};
/* End PBXGroup section */

/* Begin PBXNativeTarget section */
		163B06F5233BBA3100E6BDB2 /* AnimationKit-demo */ = {
			isa = PBXNativeTarget;
			buildConfigurationList = 163B070F233BBA3300E6BDB2 /* Build configuration list for PBXNativeTarget "AnimationKit-demo" */;
			buildPhases = (
				163B06F2233BBA3100E6BDB2 /* Sources */,
				163B06F3233BBA3100E6BDB2 /* Frameworks */,
				163B06F4233BBA3100E6BDB2 /* Resources */,
			);
			buildRules = (
			);
			dependencies = (
			);
			name = "AnimationKit-demo";
			productName = "AnimationKit-demo";
			productReference = 163B06F6233BBA3100E6BDB2 /* AnimationKit-demo.app */;
			productType = "com.apple.product-type.application";
		};
/* End PBXNativeTarget section */

/* Begin PBXProject section */
		163B06EE233BBA3100E6BDB2 /* Project object */ = {
			isa = PBXProject;
			attributes = {
				LastUpgradeCheck = 1100;
				ORGANIZATIONNAME = caomenglin;
				TargetAttributes = {
					163B06F5233BBA3100E6BDB2 = {
						CreatedOnToolsVersion = 11.0;
					};
				};
			};
			buildConfigurationList = 163B06F1233BBA3100E6BDB2 /* Build configuration list for PBXProject "AnimationKit-demo" */;
			compatibilityVersion = "Xcode 9.3";
			developmentRegion = en;
			hasScannedForEncodings = 0;
			knownRegions = (
				en,
				Base,
			);
			mainGroup = 163B06ED233BBA3100E6BDB2;
			productRefGroup = 163B06F7233BBA3100E6BDB2 /* Products */;
			projectDirPath = "";
			projectRoot = "";
			targets = (
				163B06F5233BBA3100E6BDB2 /* AnimationKit-demo */,
			);
		};
/* End PBXProject section */

/* Begin PBXResourcesBuildPhase section */
		163B06F4233BBA3100E6BDB2 /* Resources */ = {
			isa = PBXResourcesBuildPhase;
			buildActionMask = 2147483647;
			files = (
				16603486236E71E30082454F /* MLDisplayLinkViewController.xib in Resources */,
				161834D42369AEB600750E85 /* heart2@3x.png in Resources */,
				1600E1A2233F5D3000AFD2FC /* MLViewAnimationViewController.xib in Resources */,
				163B0709233BBA3300E6BDB2 /* LaunchScreen.storyboard in Resources */,
				161834D32369AEB600750E85 /* heart2@2x.png in Resources */,
				16C479F2236D76B700554AE5 /* MLDynamicAnimatorViewController.xib in Resources */,
				163B0706233BBA3300E6BDB2 /* Assets.xcassets in Resources */,
				163B0714233BBA8900E6BDB2 /* README.md in Resources */,
				1600E19A233F211000AFD2FC /* Main.storyboard in Resources */,
			);
			runOnlyForDeploymentPostprocessing = 0;
		};
/* End PBXResourcesBuildPhase section */

/* Begin PBXSourcesBuildPhase section */
		163B06F2233BBA3100E6BDB2 /* Sources */ = {
			isa = PBXSourcesBuildPhase;
			buildActionMask = 2147483647;
			files = (
				1662CFCE2366B6CF008EF111 /* MLScaleAnimationPop.m in Sources */,
				16890DCE2340FB5200554501 /* UIView+MLBasicAnimation.m in Sources */,
				163B0701233BBA3100E6BDB2 /* ViewController.m in Sources */,
				16EFB6CB234A3B7000879921 /* UIView+AnimationGroup.m in Sources */,
				16603485236E71E30082454F /* MLDisplayLinkViewController.m in Sources */,
				16A6D92623571DA900D95D00 /* MLScaleAnimationPush.m in Sources */,
				16A6D929235728C300D95D00 /* MLNavigationAnimationDelegate.m in Sources */,
				16A6D92223570DA500D95D00 /* UIViewController+MLTransitioning.m in Sources */,
				16C479F1236D76B700554AE5 /* MLDynamicAnimatorViewController.m in Sources */,
				163B06FB233BBA3100E6BDB2 /* AppDelegate.m in Sources */,
				16AE60462343A5B600E6FDEA /* MLMenuButton.m in Sources */,
				16E69645234E279200A849BE /* MLKeyframeAnimation.m in Sources */,
				16C479ED236D719100554AE5 /* MLDynamicAnimator.m in Sources */,
				16F71B2B235627220056955F /* MLWaterView.m in Sources */,
				161834D02369AE7D00750E85 /* MLLiveLikeViewController.m in Sources */,
				1662CFC523669AEE008EF111 /* MLTransitionManager.m in Sources */,
				163B070C233BBA3300E6BDB2 /* main.m in Sources */,
				1600E19D233F5C6100AFD2FC /* UIView+MLAnimation.m in Sources */,
				1600E1A5233F5FED00AFD2FC /* MLBaseViewController.m in Sources */,
				1600E1A1233F5D3000AFD2FC /* MLViewAnimationViewController.m in Sources */,
			);
			runOnlyForDeploymentPostprocessing = 0;
		};
/* End PBXSourcesBuildPhase section */

/* Begin PBXVariantGroup section */
		1600E198233F211000AFD2FC /* Main.storyboard */ = {
			isa = PBXVariantGroup;
			children = (
				1600E199233F211000AFD2FC /* Base */,
			);
			name = Main.storyboard;
			sourceTree = "<group>";
		};
		163B0707233BBA3300E6BDB2 /* LaunchScreen.storyboard */ = {
			isa = PBXVariantGroup;
			children = (
				163B0708233BBA3300E6BDB2 /* Base */,
			);
			name = LaunchScreen.storyboard;
			sourceTree = "<group>";
		};
/* End PBXVariantGroup section */

/* Begin XCBuildConfiguration section */
		163B070D233BBA3300E6BDB2 /* Debug */ = {
			isa = XCBuildConfiguration;
			buildSettings = {
				ALWAYS_SEARCH_USER_PATHS = NO;
				CLANG_ANALYZER_NONNULL = YES;
				CLANG_ANALYZER_NUMBER_OBJECT_CONVERSION = YES_AGGRESSIVE;
				CLANG_CXX_LANGUAGE_STANDARD = "gnu++14";
				CLANG_CXX_LIBRARY = "libc++";
				CLANG_ENABLE_MODULES = YES;
				CLANG_ENABLE_OBJC_ARC = YES;
				CLANG_ENABLE_OBJC_WEAK = YES;
				CLANG_WARN_BLOCK_CAPTURE_AUTORELEASING = YES;
				CLANG_WARN_BOOL_CONVERSION = YES;
				CLANG_WARN_COMMA = YES;
				CLANG_WARN_CONSTANT_CONVERSION = YES;
				CLANG_WARN_DEPRECATED_OBJC_IMPLEMENTATIONS = YES;
				CLANG_WARN_DIRECT_OBJC_ISA_USAGE = YES_ERROR;
				CLANG_WARN_DOCUMENTATION_COMMENTS = YES;
				CLANG_WARN_EMPTY_BODY = YES;
				CLANG_WARN_ENUM_CONVERSION = YES;
				CLANG_WARN_INFINITE_RECURSION = YES;
				CLANG_WARN_INT_CONVERSION = YES;
				CLANG_WARN_NON_LITERAL_NULL_CONVERSION = YES;
				CLANG_WARN_OBJC_IMPLICIT_RETAIN_SELF = YES;
				CLANG_WARN_OBJC_LITERAL_CONVERSION = YES;
				CLANG_WARN_OBJC_ROOT_CLASS = YES_ERROR;
				CLANG_WARN_RANGE_LOOP_ANALYSIS = YES;
				CLANG_WARN_STRICT_PROTOTYPES = YES;
				CLANG_WARN_SUSPICIOUS_MOVE = YES;
				CLANG_WARN_UNGUARDED_AVAILABILITY = YES_AGGRESSIVE;
				CLANG_WARN_UNREACHABLE_CODE = YES;
				CLANG_WARN__DUPLICATE_METHOD_MATCH = YES;
				COPY_PHASE_STRIP = NO;
				DEBUG_INFORMATION_FORMAT = dwarf;
				ENABLE_STRICT_OBJC_MSGSEND = YES;
				ENABLE_TESTABILITY = YES;
				GCC_C_LANGUAGE_STANDARD = gnu11;
				GCC_DYNAMIC_NO_PIC = NO;
				GCC_NO_COMMON_BLOCKS = YES;
				GCC_OPTIMIZATION_LEVEL = 0;
				GCC_PREPROCESSOR_DEFINITIONS = (
					"DEBUG=1",
					"$(inherited)",
				);
				GCC_WARN_64_TO_32_BIT_CONVERSION = YES;
				GCC_WARN_ABOUT_RETURN_TYPE = YES_ERROR;
				GCC_WARN_UNDECLARED_SELECTOR = YES;
				GCC_WARN_UNINITIALIZED_AUTOS = YES_AGGRESSIVE;
				GCC_WARN_UNUSED_FUNCTION = YES;
				GCC_WARN_UNUSED_VARIABLE = YES;
				IPHONEOS_DEPLOYMENT_TARGET = 13.0;
				MTL_ENABLE_DEBUG_INFO = INCLUDE_SOURCE;
				MTL_FAST_MATH = YES;
				ONLY_ACTIVE_ARCH = YES;
				SDKROOT = iphoneos;
			};
			name = Debug;
		};
		163B070E233BBA3300E6BDB2 /* Release */ = {
			isa = XCBuildConfiguration;
			buildSettings = {
				ALWAYS_SEARCH_USER_PATHS = NO;
				CLANG_ANALYZER_NONNULL = YES;
				CLANG_ANALYZER_NUMBER_OBJECT_CONVERSION = YES_AGGRESSIVE;
				CLANG_CXX_LANGUAGE_STANDARD = "gnu++14";
				CLANG_CXX_LIBRARY = "libc++";
				CLANG_ENABLE_MODULES = YES;
				CLANG_ENABLE_OBJC_ARC = YES;
				CLANG_ENABLE_OBJC_WEAK = YES;
				CLANG_WARN_BLOCK_CAPTURE_AUTORELEASING = YES;
				CLANG_WARN_BOOL_CONVERSION = YES;
				CLANG_WARN_COMMA = YES;
				CLANG_WARN_CONSTANT_CONVERSION = YES;
				CLANG_WARN_DEPRECATED_OBJC_IMPLEMENTATIONS = YES;
				CLANG_WARN_DIRECT_OBJC_ISA_USAGE = YES_ERROR;
				CLANG_WARN_DOCUMENTATION_COMMENTS = YES;
				CLANG_WARN_EMPTY_BODY = YES;
				CLANG_WARN_ENUM_CONVERSION = YES;
				CLANG_WARN_INFINITE_RECURSION = YES;
				CLANG_WARN_INT_CONVERSION = YES;
				CLANG_WARN_NON_LITERAL_NULL_CONVERSION = YES;
				CLANG_WARN_OBJC_IMPLICIT_RETAIN_SELF = YES;
				CLANG_WARN_OBJC_LITERAL_CONVERSION = YES;
				CLANG_WARN_OBJC_ROOT_CLASS = YES_ERROR;
				CLANG_WARN_RANGE_LOOP_ANALYSIS = YES;
				CLANG_WARN_STRICT_PROTOTYPES = YES;
				CLANG_WARN_SUSPICIOUS_MOVE = YES;
				CLANG_WARN_UNGUARDED_AVAILABILITY = YES_AGGRESSIVE;
				CLANG_WARN_UNREACHABLE_CODE = YES;
				CLANG_WARN__DUPLICATE_METHOD_MATCH = YES;
				COPY_PHASE_STRIP = NO;
				DEBUG_INFORMATION_FORMAT = "dwarf-with-dsym";
				ENABLE_NS_ASSERTIONS = NO;
				ENABLE_STRICT_OBJC_MSGSEND = YES;
				GCC_C_LANGUAGE_STANDARD = gnu11;
				GCC_NO_COMMON_BLOCKS = YES;
				GCC_WARN_64_TO_32_BIT_CONVERSION = YES;
				GCC_WARN_ABOUT_RETURN_TYPE = YES_ERROR;
				GCC_WARN_UNDECLARED_SELECTOR = YES;
				GCC_WARN_UNINITIALIZED_AUTOS = YES_AGGRESSIVE;
				GCC_WARN_UNUSED_FUNCTION = YES;
				GCC_WARN_UNUSED_VARIABLE = YES;
				IPHONEOS_DEPLOYMENT_TARGET = 13.0;
				MTL_ENABLE_DEBUG_INFO = NO;
				MTL_FAST_MATH = YES;
				SDKROOT = iphoneos;
				VALIDATE_PRODUCT = YES;
			};
			name = Release;
		};
		163B0710233BBA3300E6BDB2 /* Debug */ = {
			isa = XCBuildConfiguration;
			buildSettings = {
				ASSETCATALOG_COMPILER_APPICON_NAME = AppIcon;
				CODE_SIGN_STYLE = Automatic;
				INFOPLIST_FILE = "AnimationKit-demo/Info.plist";
				IPHONEOS_DEPLOYMENT_TARGET = 12.0;
				LD_RUNPATH_SEARCH_PATHS = (
					"$(inherited)",
					"@executable_path/Frameworks",
				);
				PRODUCT_BUNDLE_IDENTIFIER = "com.app.animation.AnimationKit-demo";
				PRODUCT_NAME = "$(TARGET_NAME)";
				TARGETED_DEVICE_FAMILY = "1,2";
			};
			name = Debug;
		};
		163B0711233BBA3300E6BDB2 /* Release */ = {
			isa = XCBuildConfiguration;
			buildSettings = {
				ASSETCATALOG_COMPILER_APPICON_NAME = AppIcon;
				CODE_SIGN_STYLE = Automatic;
				INFOPLIST_FILE = "AnimationKit-demo/Info.plist";
				IPHONEOS_DEPLOYMENT_TARGET = 12.0;
				LD_RUNPATH_SEARCH_PATHS = (
					"$(inherited)",
					"@executable_path/Frameworks",
				);
				PRODUCT_BUNDLE_IDENTIFIER = "com.app.animation.AnimationKit-demo";
				PRODUCT_NAME = "$(TARGET_NAME)";
				TARGETED_DEVICE_FAMILY = "1,2";
			};
			name = Release;
		};
/* End XCBuildConfiguration section */

/* Begin XCConfigurationList section */
		163B06F1233BBA3100E6BDB2 /* Build configuration list for PBXProject "AnimationKit-demo" */ = {
			isa = XCConfigurationList;
			buildConfigurations = (
				163B070D233BBA3300E6BDB2 /* Debug */,
				163B070E233BBA3300E6BDB2 /* Release */,
			);
			defaultConfigurationIsVisible = 0;
			defaultConfigurationName = Release;
		};
		163B070F233BBA3300E6BDB2 /* Build configuration list for PBXNativeTarget "AnimationKit-demo" */ = {
			isa = XCConfigurationList;
			buildConfigurations = (
				163B0710233BBA3300E6BDB2 /* Debug */,
				163B0711233BBA3300E6BDB2 /* Release */,
			);
			defaultConfigurationIsVisible = 0;
			defaultConfigurationName = Release;
		};
/* End XCConfigurationList section */
	};
	rootObject = 163B06EE233BBA3100E6BDB2 /* Project object */;
}
